// !$*UTF8*$!
{
	archiveVersion = 1;
	classes = {
	};
	objectVersion = 56;
	objects = {

/* Begin PBXBuildFile section */
		B44E5DAE2B1BC7DF00C74D10 /* CheckArrayThreadSafeApp.swift in Sources */ = {isa = PBXBuildFile; fileRef = B44E5DAD2B1BC7DF00C74D10 /* CheckArrayThreadSafeApp.swift */; };
		B44E5DB02B1BC7DF00C74D10 /* ContentView.swift in Sources */ = {isa = PBXBuildFile; fileRef = B44E5DAF2B1BC7DF00C74D10 /* ContentView.swift */; };
		B44E5DB22B1BC7E100C74D10 /* Assets.xcassets in Resources */ = {isa = PBXBuildFile; fileRef = B44E5DB12B1BC7E100C74D10 /* Assets.xcassets */; };
		B44E5DB52B1BC7E100C74D10 /* Preview Assets.xcassets in Resources */ = {isa = PBXBuildFile; fileRef = B44E5DB42B1BC7E100C74D10 /* Preview Assets.xcassets */; };
		B44E5DBF2B1BC7E100C74D10 /* CheckArrayThreadSafeTests.swift in Sources */ = {isa = PBXBuildFile; fileRef = B44E5DBE2B1BC7E100C74D10 /* CheckArrayThreadSafeTests.swift */; };
		B44E5DC92B1BC7E100C74D10 /* CheckArrayThreadSafeUITests.swift in Sources */ = {isa = PBXBuildFile; fileRef = B44E5DC82B1BC7E100C74D10 /* CheckArrayThreadSafeUITests.swift */; };
		B44E5DCB2B1BC7E100C74D10 /* CheckArrayThreadSafeUITestsLaunchTests.swift in Sources */ = {isa = PBXBuildFile; fileRef = B44E5DCA2B1BC7E100C74D10 /* CheckArrayThreadSafeUITestsLaunchTests.swift */; };
		B44E5DD82B1BC82E00C74D10 /* ArryViewModel.swift in Sources */ = {isa = PBXBuildFile; fileRef = B44E5DD72B1BC82E00C74D10 /* ArryViewModel.swift */; };
/* End PBXBuildFile section */

/* Begin PBXContainerItemProxy section */
		B44E5DBB2B1BC7E100C74D10 /* PBXContainerItemProxy */ = {
			isa = PBXContainerItemProxy;
			containerPortal = B44E5DA22B1BC7DF00C74D10 /* Project object */;
			proxyType = 1;
			remoteGlobalIDString = B44E5DA92B1BC7DF00C74D10;
			remoteInfo = CheckArrayThreadSafe;
		};
		B44E5DC52B1BC7E100C74D10 /* PBXContainerItemProxy */ = {
			isa = PBXContainerItemProxy;
			containerPortal = B44E5DA22B1BC7DF00C74D10 /* Project object */;
			proxyType = 1;
			remoteGlobalIDString = B44E5DA92B1BC7DF00C74D10;
			remoteInfo = CheckArrayThreadSafe;
		};
/* End PBXContainerItemProxy section */

/* Begin PBXFileReference section */
		B44E5DAA2B1BC7DF00C74D10 /* CheckArrayThreadSafe.app */ = {isa = PBXFileReference; explicitFileType = wrapper.application; includeInIndex = 0; path = CheckArrayThreadSafe.app; sourceTree = BUILT_PRODUCTS_DIR; };
		B44E5DAD2B1BC7DF00C74D10 /* CheckArrayThreadSafeApp.swift */ = {isa = PBXFileReference; lastKnownFileType = sourcecode.swift; path = CheckArrayThreadSafeApp.swift; sourceTree = "<group>"; };
		B44E5DAF2B1BC7DF00C74D10 /* ContentView.swift */ = {isa = PBXFileReference; lastKnownFileType = sourcecode.swift; path = ContentView.swift; sourceTree = "<group>"; };
		B44E5DB12B1BC7E100C74D10 /* Assets.xcassets */ = {isa = PBXFileReference; lastKnownFileType = folder.assetcatalog; path = Assets.xcassets; sourceTree = "<group>"; };
		B44E5DB42B1BC7E100C74D10 /* Preview Assets.xcassets */ = {isa = PBXFileReference; lastKnownFileType = folder.assetcatalog; path = "Preview Assets.xcassets"; sourceTree = "<group>"; };
		B44E5DBA2B1BC7E100C74D10 /* CheckArrayThreadSafeTests.xctest */ = {isa = PBXFileReference; explicitFileType = wrapper.cfbundle; includeInIndex = 0; path = CheckArrayThreadSafeTests.xctest; sourceTree = BUILT_PRODUCTS_DIR; };
		B44E5DBE2B1BC7E100C74D10 /* CheckArrayThreadSafeTests.swift */ = {isa = PBXFileReference; lastKnownFileType = sourcecode.swift; path = CheckArrayThreadSafeTests.swift; sourceTree = "<group>"; };
		B44E5DC42B1BC7E100C74D10 /* CheckArrayThreadSafeUITests.xctest */ = {isa = PBXFileReference; explicitFileType = wrapper.cfbundle; includeInIndex = 0; path = CheckArrayThreadSafeUITests.xctest; sourceTree = BUILT_PRODUCTS_DIR; };
		B44E5DC82B1BC7E100C74D10 /* CheckArrayThreadSafeUITests.swift */ = {isa = PBXFileReference; lastKnownFileType = sourcecode.swift; path = CheckArrayThreadSafeUITests.swift; sourceTree = "<group>"; };
		B44E5DCA2B1BC7E100C74D10 /* CheckArrayThreadSafeUITestsLaunchTests.swift */ = {isa = PBXFileReference; lastKnownFileType = sourcecode.swift; path = CheckArrayThreadSafeUITestsLaunchTests.swift; sourceTree = "<group>"; };
		B44E5DD72B1BC82E00C74D10 /* ArryViewModel.swift */ = {isa = PBXFileReference; lastKnownFileType = sourcecode.swift; path = ArryViewModel.swift; sourceTree = "<group>"; };
/* End PBXFileReference section */

/* Begin PBXFrameworksBuildPhase section */
		B44E5DA72B1BC7DF00C74D10 /* Frameworks */ = {
			isa = PBXFrameworksBuildPhase;
			buildActionMask = 2147483647;
			files = (
			);
			runOnlyForDeploymentPostprocessing = 0;
		};
		B44E5DB72B1BC7E100C74D10 /* Frameworks */ = {
			isa = PBXFrameworksBuildPhase;
			buildActionMask = 2147483647;
			files = (
			);
			runOnlyForDeploymentPostprocessing = 0;
		};
		B44E5DC12B1BC7E100C74D10 /* Frameworks */ = {
			isa = PBXFrameworksBuildPhase;
			buildActionMask = 2147483647;
			files = (
			);
			runOnlyForDeploymentPostprocessing = 0;
		};
/* End PBXFrameworksBuildPhase section */

/* Begin PBXGroup section */
		B44E5DA12B1BC7DF00C74D10 = {
			isa = PBXGroup;
			children = (
				B44E5DAC2B1BC7DF00C74D10 /* CheckArrayThreadSafe */,
				B44E5DBD2B1BC7E100C74D10 /* CheckArrayThreadSafeTests */,
				B44E5DC72B1BC7E100C74D10 /* CheckArrayThreadSafeUITests */,
				B44E5DAB2B1BC7DF00C74D10 /* Products */,
			);
			sourceTree = "<group>";
		};
		B44E5DAB2B1BC7DF00C74D10 /* Products */ = {
			isa = PBXGroup;
			children = (
				B44E5DAA2B1BC7DF00C74D10 /* CheckArrayThreadSafe.app */,
				B44E5DBA2B1BC7E100C74D10 /* CheckArrayThreadSafeTests.xctest */,
				B44E5DC42B1BC7E100C74D10 /* CheckArrayThreadSafeUITests.xctest */,
			);
			name = Products;
			sourceTree = "<group>";
		};
		B44E5DAC2B1BC7DF00C74D10 /* CheckArrayThreadSafe */ = {
			isa = PBXGroup;
			children = (
				B44E5DAD2B1BC7DF00C74D10 /* CheckArrayThreadSafeApp.swift */,
				B44E5DAF2B1BC7DF00C74D10 /* ContentView.swift */,
				B44E5DB12B1BC7E100C74D10 /* Assets.xcassets */,
				B44E5DB32B1BC7E100C74D10 /* Preview Content */,
				B44E5DD72B1BC82E00C74D10 /* ArryViewModel.swift */,
			);
			path = CheckArrayThreadSafe;
			sourceTree = "<group>";
		};
		B44E5DB32B1BC7E100C74D10 /* Preview Content */ = {
			isa = PBXGroup;
			children = (
				B44E5DB42B1BC7E100C74D10 /* Preview Assets.xcassets */,
			);
			path = "Preview Content";
			sourceTree = "<group>";
		};
		B44E5DBD2B1BC7E100C74D10 /* CheckArrayThreadSafeTests */ = {
			isa = PBXGroup;
			children = (
				B44E5DBE2B1BC7E100C74D10 /* CheckArrayThreadSafeTests.swift */,
			);
			path = CheckArrayThreadSafeTests;
			sourceTree = "<group>";
		};
		B44E5DC72B1BC7E100C74D10 /* CheckArrayThreadSafeUITests */ = {
			isa = PBXGroup;
			children = (
				B44E5DC82B1BC7E100C74D10 /* CheckArrayThreadSafeUITests.swift */,
				B44E5DCA2B1BC7E100C74D10 /* CheckArrayThreadSafeUITestsLaunchTests.swift */,
			);
			path = CheckArrayThreadSafeUITests;
			sourceTree = "<group>";
		};
/* End PBXGroup section */

/* Begin PBXNativeTarget section */
		B44E5DA92B1BC7DF00C74D10 /* CheckArrayThreadSafe */ = {
			isa = PBXNativeTarget;
			buildConfigurationList = B44E5DCE2B1BC7E100C74D10 /* Build configuration list for PBXNativeTarget "CheckArrayThreadSafe" */;
			buildPhases = (
				B44E5DA62B1BC7DF00C74D10 /* Sources */,
				B44E5DA72B1BC7DF00C74D10 /* Frameworks */,
				B44E5DA82B1BC7DF00C74D10 /* Resources */,
			);
			buildRules = (
			);
			dependencies = (
			);
			name = CheckArrayThreadSafe;
			productName = CheckArrayThreadSafe;
			productReference = B44E5DAA2B1BC7DF00C74D10 /* CheckArrayThreadSafe.app */;
			productType = "com.apple.product-type.application";
		};
		B44E5DB92B1BC7E100C74D10 /* CheckArrayThreadSafeTests */ = {
			isa = PBXNativeTarget;
			buildConfigurationList = B44E5DD12B1BC7E100C74D10 /* Build configuration list for PBXNativeTarget "CheckArrayThreadSafeTests" */;
			buildPhases = (
				B44E5DB62B1BC7E100C74D10 /* Sources */,
				B44E5DB72B1BC7E100C74D10 /* Frameworks */,
				B44E5DB82B1BC7E100C74D10 /* Resources */,
			);
			buildRules = (
			);
			dependencies = (
				B44E5DBC2B1BC7E100C74D10 /* PBXTargetDependency */,
			);
			name = CheckArrayThreadSafeTests;
			productName = CheckArrayThreadSafeTests;
			productReference = B44E5DBA2B1BC7E100C74D10 /* CheckArrayThreadSafeTests.xctest */;
			productType = "com.apple.product-type.bundle.unit-test";
		};
		B44E5DC32B1BC7E100C74D10 /* CheckArrayThreadSafeUITests */ = {
			isa = PBXNativeTarget;
			buildConfigurationList = B44E5DD42B1BC7E100C74D10 /* Build configuration list for PBXNativeTarget "CheckArrayThreadSafeUITests" */;
			buildPhases = (
				B44E5DC02B1BC7E100C74D10 /* Sources */,
				B44E5DC12B1BC7E100C74D10 /* Frameworks */,
				B44E5DC22B1BC7E100C74D10 /* Resources */,
			);
			buildRules = (
			);
			dependencies = (
				B44E5DC62B1BC7E100C74D10 /* PBXTargetDependency */,
			);
			name = CheckArrayThreadSafeUITests;
			productName = CheckArrayThreadSafeUITests;
			productReference = B44E5DC42B1BC7E100C74D10 /* CheckArrayThreadSafeUITests.xctest */;
			productType = "com.apple.product-type.bundle.ui-testing";
		};
/* End PBXNativeTarget section */

/* Begin PBXProject section */
		B44E5DA22B1BC7DF00C74D10 /* Project object */ = {
			isa = PBXProject;
			attributes = {
				BuildIndependentTargetsInParallel = 1;
				LastSwiftUpdateCheck = 1500;
				LastUpgradeCheck = 1500;
				TargetAttributes = {
					B44E5DA92B1BC7DF00C74D10 = {
						CreatedOnToolsVersion = 15.0.1;
					};
					B44E5DB92B1BC7E100C74D10 = {
						CreatedOnToolsVersion = 15.0.1;
						TestTargetID = B44E5DA92B1BC7DF00C74D10;
					};
					B44E5DC32B1BC7E100C74D10 = {
						CreatedOnToolsVersion = 15.0.1;
						TestTargetID = B44E5DA92B1BC7DF00C74D10;
					};
				};
			};
			buildConfigurationList = B44E5DA52B1BC7DF00C74D10 /* Build configuration list for PBXProject "CheckArrayThreadSafe" */;
			compatibilityVersion = "Xcode 14.0";
			developmentRegion = en;
			hasScannedForEncodings = 0;
			knownRegions = (
				en,
				Base,
			);
			mainGroup = B44E5DA12B1BC7DF00C74D10;
			productRefGroup = B44E5DAB2B1BC7DF00C74D10 /* Products */;
			projectDirPath = "";
			projectRoot = "";
			targets = (
				B44E5DA92B1BC7DF00C74D10 /* CheckArrayThreadSafe */,
				B44E5DB92B1BC7E100C74D10 /* CheckArrayThreadSafeTests */,
				B44E5DC32B1BC7E100C74D10 /* CheckArrayThreadSafeUITests */,
			);
		};
/* End PBXProject section */

/* Begin PBXResourcesBuildPhase section */
		B44E5DA82B1BC7DF00C74D10 /* Resources */ = {
			isa = PBXResourcesBuildPhase;
			buildActionMask = 2147483647;
			files = (
				B44E5DB52B1BC7E100C74D10 /* Preview Assets.xcassets in Resources */,
				B44E5DB22B1BC7E100C74D10 /* Assets.xcassets in Resources */,
			);
			runOnlyForDeploymentPostprocessing = 0;
		};
		B44E5DB82B1BC7E100C74D10 /* Resources */ = {
			isa = PBXResourcesBuildPhase;
			buildActionMask = 2147483647;
			files = (
			);
			runOnlyForDeploymentPostprocessing = 0;
		};
		B44E5DC22B1BC7E100C74D10 /* Resources */ = {
			isa = PBXResourcesBuildPhase;
			buildActionMask = 2147483647;
			files = (
			);
			runOnlyForDeploymentPostprocessing = 0;
		};
/* End PBXResourcesBuildPhase section */

/* Begin PBXSourcesBuildPhase section */
		B44E5DA62B1BC7DF00C74D10 /* Sources */ = {
			isa = PBXSourcesBuildPhase;
			buildActionMask = 2147483647;
			files = (
				B44E5DD82B1BC82E00C74D10 /* ArryViewModel.swift in Sources */,
				B44E5DB02B1BC7DF00C74D10 /* ContentView.swift in Sources */,
				B44E5DAE2B1BC7DF00C74D10 /* CheckArrayThreadSafeApp.swift in Sources */,
			);
			runOnlyForDeploymentPostprocessing = 0;
		};
		B44E5DB62B1BC7E100C74D10 /* Sources */ = {
			isa = PBXSourcesBuildPhase;
			buildActionMask = 2147483647;
			files = (
				B44E5DBF2B1BC7E100C74D10 /* CheckArrayThreadSafeTests.swift in Sources */,
			);
			runOnlyForDeploymentPostprocessing = 0;
		};
		B44E5DC02B1BC7E100C74D10 /* Sources */ = {
			isa = PBXSourcesBuildPhase;
			buildActionMask = 2147483647;
			files = (
				B44E5DCB2B1BC7E100C74D10 /* CheckArrayThreadSafeUITestsLaunchTests.swift in Sources */,
				B44E5DC92B1BC7E100C74D10 /* CheckArrayThreadSafeUITests.swift in Sources */,
			);
			runOnlyForDeploymentPostprocessing = 0;
		};
/* End PBXSourcesBuildPhase section */

/* Begin PBXTargetDependency section */
		B44E5DBC2B1BC7E100C74D10 /* PBXTargetDependency */ = {
			isa = PBXTargetDependency;
			target = B44E5DA92B1BC7DF00C74D10 /* CheckArrayThreadSafe */;
			targetProxy = B44E5DBB2B1BC7E100C74D10 /* PBXContainerItemProxy */;
		};
		B44E5DC62B1BC7E100C74D10 /* PBXTargetDependency */ = {
			isa = PBXTargetDependency;
			target = B44E5DA92B1BC7DF00C74D10 /* CheckArrayThreadSafe */;
			targetProxy = B44E5DC52B1BC7E100C74D10 /* PBXContainerItemProxy */;
		};
/* End PBXTargetDependency section */

/* Begin XCBuildConfiguration section */
		B44E5DCC2B1BC7E100C74D10 /* Debug */ = {
			isa = XCBuildConfiguration;
			buildSettings = {
				ALWAYS_SEARCH_USER_PATHS = NO;
				ASSETCATALOG_COMPILER_GENERATE_SWIFT_ASSET_SYMBOL_EXTENSIONS = YES;
				CLANG_ANALYZER_NONNULL = YES;
				CLANG_ANALYZER_NUMBER_OBJECT_CONVERSION = YES_AGGRESSIVE;
				CLANG_CXX_LANGUAGE_STANDARD = "gnu++20";
				CLANG_ENABLE_MODULES = YES;
				CLANG_ENABLE_OBJC_ARC = YES;
				CLANG_ENABLE_OBJC_WEAK = YES;
				CLANG_WARN_BLOCK_CAPTURE_AUTORELEASING = YES;
				CLANG_WARN_BOOL_CONVERSION = YES;
				CLANG_WARN_COMMA = YES;
				CLANG_WARN_CONSTANT_CONVERSION = YES;
				CLANG_WARN_DEPRECATED_OBJC_IMPLEMENTATIONS = YES;
				CLANG_WARN_DIRECT_OBJC_ISA_USAGE = YES_ERROR;
				CLANG_WARN_DOCUMENTATION_COMMENTS = YES;
				CLANG_WARN_EMPTY_BODY = YES;
				CLANG_WARN_ENUM_CONVERSION = YES;
				CLANG_WARN_INFINITE_RECURSION = YES;
				CLANG_WARN_INT_CONVERSION = YES;
				CLANG_WARN_NON_LITERAL_NULL_CONVERSION = YES;
				CLANG_WARN_OBJC_IMPLICIT_RETAIN_SELF = YES;
				CLANG_WARN_OBJC_LITERAL_CONVERSION = YES;
				CLANG_WARN_OBJC_ROOT_CLASS = YES_ERROR;
				CLANG_WARN_QUOTED_INCLUDE_IN_FRAMEWORK_HEADER = YES;
				CLANG_WARN_RANGE_LOOP_ANALYSIS = YES;
				CLANG_WARN_STRICT_PROTOTYPES = YES;
				CLANG_WARN_SUSPICIOUS_MOVE = YES;
				CLANG_WARN_UNGUARDED_AVAILABILITY = YES_AGGRESSIVE;
				CLANG_WARN_UNREACHABLE_CODE = YES;
				CLANG_WARN__DUPLICATE_METHOD_MATCH = YES;
				COPY_PHASE_STRIP = NO;
				DEBUG_INFORMATION_FORMAT = dwarf;
				ENABLE_STRICT_OBJC_MSGSEND = YES;
				ENABLE_TESTABILITY = YES;
				ENABLE_USER_SCRIPT_SANDBOXING = YES;
				GCC_C_LANGUAGE_STANDARD = gnu17;
				GCC_DYNAMIC_NO_PIC = NO;
				GCC_NO_COMMON_BLOCKS = YES;
				GCC_OPTIMIZATION_LEVEL = 0;
				GCC_PREPROCESSOR_DEFINITIONS = (
					"DEBUG=1",
					"$(inherited)",
				);
				GCC_WARN_64_TO_32_BIT_CONVERSION = YES;
				GCC_WARN_ABOUT_RETURN_TYPE = YES_ERROR;
				GCC_WARN_UNDECLARED_SELECTOR = YES;
				GCC_WARN_UNINITIALIZED_AUTOS = YES_AGGRESSIVE;
				GCC_WARN_UNUSED_FUNCTION = YES;
				GCC_WARN_UNUSED_VARIABLE = YES;
				IPHONEOS_DEPLOYMENT_TARGET = 17.0;
				LOCALIZATION_PREFERS_STRING_CATALOGS = YES;
				MTL_ENABLE_DEBUG_INFO = INCLUDE_SOURCE;
				MTL_FAST_MATH = YES;
				ONLY_ACTIVE_ARCH = YES;
				SDKROOT = iphoneos;
				SWIFT_ACTIVE_COMPILATION_CONDITIONS = "DEBUG $(inherited)";
				SWIFT_OPTIMIZATION_LEVEL = "-Onone";
			};
			name = Debug;
		};
		B44E5DCD2B1BC7E100C74D10 /* Release */ = {
			isa = XCBuildConfiguration;
			buildSettings = {
				ALWAYS_SEARCH_USER_PATHS = NO;
				ASSETCATALOG_COMPILER_GENERATE_SWIFT_ASSET_SYMBOL_EXTENSIONS = YES;
				CLANG_ANALYZER_NONNULL = YES;
				CLANG_ANALYZER_NUMBER_OBJECT_CONVERSION = YES_AGGRESSIVE;
				CLANG_CXX_LANGUAGE_STANDARD = "gnu++20";
				CLANG_ENABLE_MODULES = YES;
				CLANG_ENABLE_OBJC_ARC = YES;
				CLANG_ENABLE_OBJC_WEAK = YES;
				CLANG_WARN_BLOCK_CAPTURE_AUTORELEASING = YES;
				CLANG_WARN_BOOL_CONVERSION = YES;
				CLANG_WARN_COMMA = YES;
				CLANG_WARN_CONSTANT_CONVERSION = YES;
				CLANG_WARN_DEPRECATED_OBJC_IMPLEMENTATIONS = YES;
				CLANG_WARN_DIRECT_OBJC_ISA_USAGE = YES_ERROR;
				CLANG_WARN_DOCUMENTATION_COMMENTS = YES;
				CLANG_WARN_EMPTY_BODY = YES;
				CLANG_WARN_ENUM_CONVERSION = YES;
				CLANG_WARN_INFINITE_RECURSION = YES;
				CLANG_WARN_INT_CONVERSION = YES;
				CLANG_WARN_NON_LITERAL_NULL_CONVERSION = YES;
				CLANG_WARN_OBJC_IMPLICIT_RETAIN_SELF = YES;
				CLANG_WARN_OBJC_LITERAL_CONVERSION = YES;
				CLANG_WARN_OBJC_ROOT_CLASS = YES_ERROR;
				CLANG_WARN_QUOTED_INCLUDE_IN_FRAMEWORK_HEADER = YES;
				CLANG_WARN_RANGE_LOOP_ANALYSIS = YES;
				CLANG_WARN_STRICT_PROTOTYPES = YES;
				CLANG_WARN_SUSPICIOUS_MOVE = YES;
				CLANG_WARN_UNGUARDED_AVAILABILITY = YES_AGGRESSIVE;
				CLANG_WARN_UNREACHABLE_CODE = YES;
				CLANG_WARN__DUPLICATE_METHOD_MATCH = YES;
				COPY_PHASE_STRIP = NO;
				DEBUG_INFORMATION_FORMAT = "dwarf-with-dsym";
				ENABLE_NS_ASSERTIONS = NO;
				ENABLE_STRICT_OBJC_MSGSEND = YES;
				ENABLE_USER_SCRIPT_SANDBOXING = YES;
				GCC_C_LANGUAGE_STANDARD = gnu17;
				GCC_NO_COMMON_BLOCKS = YES;
				GCC_WARN_64_TO_32_BIT_CONVERSION = YES;
				GCC_WARN_ABOUT_RETURN_TYPE = YES_ERROR;
				GCC_WARN_UNDECLARED_SELECTOR = YES;
				GCC_WARN_UNINITIALIZED_AUTOS = YES_AGGRESSIVE;
				GCC_WARN_UNUSED_FUNCTION = YES;
				GCC_WARN_UNUSED_VARIABLE = YES;
				IPHONEOS_DEPLOYMENT_TARGET = 17.0;
				LOCALIZATION_PREFERS_STRING_CATALOGS = YES;
				MTL_ENABLE_DEBUG_INFO = NO;
				MTL_FAST_MATH = YES;
				SDKROOT = iphoneos;
				SWIFT_COMPILATION_MODE = wholemodule;
				VALIDATE_PRODUCT = YES;
			};
			name = Release;
		};
		B44E5DCF2B1BC7E100C74D10 /* Debug */ = {
			isa = XCBuildConfiguration;
			buildSettings = {
				ASSETCATALOG_COMPILER_APPICON_NAME = AppIcon;
				ASSETCATALOG_COMPILER_GLOBAL_ACCENT_COLOR_NAME = AccentColor;
				CODE_SIGN_STYLE = Automatic;
				CURRENT_PROJECT_VERSION = 1;
				DEVELOPMENT_ASSET_PATHS = "\"CheckArrayThreadSafe/Preview Content\"";
				DEVELOPMENT_TEAM = R975Y8X2C9;
				ENABLE_PREVIEWS = YES;
				GENERATE_INFOPLIST_FILE = YES;
				INFOPLIST_KEY_UIApplicationSceneManifest_Generation = YES;
				INFOPLIST_KEY_UIApplicationSupportsIndirectInputEvents = YES;
				INFOPLIST_KEY_UILaunchScreen_Generation = YES;
				INFOPLIST_KEY_UISupportedInterfaceOrientations_iPad = "UIInterfaceOrientationPortrait UIInterfaceOrientationPortraitUpsideDown UIInterfaceOrientationLandscapeLeft UIInterfaceOrientationLandscapeRight";
				INFOPLIST_KEY_UISupportedInterfaceOrientations_iPhone = "UIInterfaceOrientationPortrait UIInterfaceOrientationLandscapeLeft UIInterfaceOrientationLandscapeRight";
				LD_RUNPATH_SEARCH_PATHS = (
					"$(inherited)",
					"@executable_path/Frameworks",
				);
				MARKETING_VERSION = 1.0;
				PRODUCT_BUNDLE_IDENTIFIER = com.appsQube.CheckArrayThreadSafe;
				PRODUCT_NAME = "$(TARGET_NAME)";
				SWIFT_EMIT_LOC_STRINGS = YES;
				SWIFT_VERSION = 5.0;
				TARGETED_DEVICE_FAMILY = "1,2";
			};
			name = Debug;
		};
		B44E5DD02B1BC7E100C74D10 /* Release */ = {
			isa = XCBuildConfiguration;
			buildSettings = {
				ASSETCATALOG_COMPILER_APPICON_NAME = AppIcon;
				ASSETCATALOG_COMPILER_GLOBAL_ACCENT_COLOR_NAME = AccentColor;
				CODE_SIGN_STYLE = Automatic;
				CURRENT_PROJECT_VERSION = 1;
				DEVELOPMENT_ASSET_PATHS = "\"CheckArrayThreadSafe/Preview Content\"";
				DEVELOPMENT_TEAM = R975Y8X2C9;
				ENABLE_PREVIEWS = YES;
				GENERATE_INFOPLIST_FILE = YES;
				INFOPLIST_KEY_UIApplicationSceneManifest_Generation = YES;
				INFOPLIST_KEY_UIApplicationSupportsIndirectInputEvents = YES;
				INFOPLIST_KEY_UILaunchScreen_Generation = YES;
				INFOPLIST_KEY_UISupportedInterfaceOrientations_iPad = "UIInterfaceOrientationPortrait UIInterfaceOrientationPortraitUpsideDown UIInterfaceOrientationLandscapeLeft UIInterfaceOrientationLandscapeRight";
				INFOPLIST_KEY_UISupportedInterfaceOrientations_iPhone = "UIInterfaceOrientationPortrait UIInterfaceOrientationLandscapeLeft UIInterfaceOrientationLandscapeRight";
				LD_RUNPATH_SEARCH_PATHS = (
					"$(inherited)",
					"@executable_path/Frameworks",
				);
				MARKETING_VERSION = 1.0;
				PRODUCT_BUNDLE_IDENTIFIER = com.appsQube.CheckArrayThreadSafe;
				PRODUCT_NAME = "$(TARGET_NAME)";
				SWIFT_EMIT_LOC_STRINGS = YES;
				SWIFT_VERSION = 5.0;
				TARGETED_DEVICE_FAMILY = "1,2";
			};
			name = Release;
		};
		B44E5DD22B1BC7E100C74D10 /* Debug */ = {
			isa = XCBuildConfiguration;
			buildSettings = {
				ALWAYS_EMBED_SWIFT_STANDARD_LIBRARIES = YES;
				BUNDLE_LOADER = "$(TEST_HOST)";
				CODE_SIGN_STYLE = Automatic;
				CURRENT_PROJECT_VERSION = 1;
				DEVELOPMENT_TEAM = R975Y8X2C9;
				GENERATE_INFOPLIST_FILE = YES;
				IPHONEOS_DEPLOYMENT_TARGET = 17.0;
				MARKETING_VERSION = 1.0;
				PRODUCT_BUNDLE_IDENTIFIER = com.appsQube.CheckArrayThreadSafeTests;
				PRODUCT_NAME = "$(TARGET_NAME)";
				SWIFT_EMIT_LOC_STRINGS = NO;
				SWIFT_VERSION = 5.0;
				TARGETED_DEVICE_FAMILY = "1,2";
				TEST_HOST = "$(BUILT_PRODUCTS_DIR)/CheckArrayThreadSafe.app/$(BUNDLE_EXECUTABLE_FOLDER_PATH)/CheckArrayThreadSafe";
			};
			name = Debug;
		};
		B44E5DD32B1BC7E100C74D10 /* Release */ = {
			isa = XCBuildConfiguration;
			buildSettings = {
				ALWAYS_EMBED_SWIFT_STANDARD_LIBRARIES = YES;
				BUNDLE_LOADER = "$(TEST_HOST)";
				CODE_SIGN_STYLE = Automatic;
				CURRENT_PROJECT_VERSION = 1;
				DEVELOPMENT_TEAM = R975Y8X2C9;
				GENERATE_INFOPLIST_FILE = YES;
				IPHONEOS_DEPLOYMENT_TARGET = 17.0;
				MARKETING_VERSION = 1.0;
				PRODUCT_BUNDLE_IDENTIFIER = com.appsQube.CheckArrayThreadSafeTests;
				PRODUCT_NAME = "$(TARGET_NAME)";
				SWIFT_EMIT_LOC_STRINGS = NO;
				SWIFT_VERSION = 5.0;
				TARGETED_DEVICE_FAMILY = "1,2";
				TEST_HOST = "$(BUILT_PRODUCTS_DIR)/CheckArrayThreadSafe.app/$(BUNDLE_EXECUTABLE_FOLDER_PATH)/CheckArrayThreadSafe";
			};
			name = Release;
		};
		B44E5DD52B1BC7E100C74D10 /* Debug */ = {
			isa = XCBuildConfiguration;
			buildSettings = {
				ALWAYS_EMBED_SWIFT_STANDARD_LIBRARIES = YES;
				CODE_SIGN_STYLE = Automatic;
				CURRENT_PROJECT_VERSION = 1;
				DEVELOPMENT_TEAM = R975Y8X2C9;
				GENERATE_INFOPLIST_FILE = YES;
				MARKETING_VERSION = 1.0;
				PRODUCT_BUNDLE_IDENTIFIER = com.appsQube.CheckArrayThreadSafeUITests;
				PRODUCT_NAME = "$(TARGET_NAME)";
				SWIFT_EMIT_LOC_STRINGS = NO;
				SWIFT_VERSION = 5.0;
				TARGETED_DEVICE_FAMILY = "1,2";
				TEST_TARGET_NAME = CheckArrayThreadSafe;
			};
			name = Debug;
		};
		B44E5DD62B1BC7E100C74D10 /* Release */ = {
			isa = XCBuildConfiguration;
			buildSettings = {
				ALWAYS_EMBED_SWIFT_STANDARD_LIBRARIES = YES;
				CODE_SIGN_STYLE = Automatic;
				CURRENT_PROJECT_VERSION = 1;
				DEVELOPMENT_TEAM = R975Y8X2C9;
				GENERATE_INFOPLIST_FILE = YES;
				MARKETING_VERSION = 1.0;
				PRODUCT_BUNDLE_IDENTIFIER = com.appsQube.CheckArrayThreadSafeUITests;
				PRODUCT_NAME = "$(TARGET_NAME)";
				SWIFT_EMIT_LOC_STRINGS = NO;
				SWIFT_VERSION = 5.0;
				TARGETED_DEVICE_FAMILY = "1,2";
				TEST_TARGET_NAME = CheckArrayThreadSafe;
			};
			name = Release;
		};
/* End XCBuildConfiguration section */

/* Begin XCConfigurationList section */
		B44E5DA52B1BC7DF00C74D10 /* Build configuration list for PBXProject "CheckArrayThreadSafe" */ = {
			isa = XCConfigurationList;
			buildConfigurations = (
				B44E5DCC2B1BC7E100C74D10 /* Debug */,
				B44E5DCD2B1BC7E100C74D10 /* Release */,
			);
			defaultConfigurationIsVisible = 0;
			defaultConfigurationName = Release;
		};
		B44E5DCE2B1BC7E100C74D10 /* Build configuration list for PBXNativeTarget "CheckArrayThreadSafe" */ = {
			isa = XCConfigurationList;
			buildConfigurations = (
				B44E5DCF2B1BC7E100C74D10 /* Debug */,
				B44E5DD02B1BC7E100C74D10 /* Release */,
			);
			defaultConfigurationIsVisible = 0;
			defaultConfigurationName = Release;
		};
		B44E5DD12B1BC7E100C74D10 /* Build configuration list for PBXNativeTarget "CheckArrayThreadSafeTests" */ = {
			isa = XCConfigurationList;
			buildConfigurations = (
				B44E5DD22B1BC7E100C74D10 /* Debug */,
				B44E5DD32B1BC7E100C74D10 /* Release */,
			);
			defaultConfigurationIsVisible = 0;
			defaultConfigurationName = Release;
		};
		B44E5DD42B1BC7E100C74D10 /* Build configuration list for PBXNativeTarget "CheckArrayThreadSafeUITests" */ = {
			isa = XCConfigurationList;
			buildConfigurations = (
				B44E5DD52B1BC7E100C74D10 /* Debug */,
				B44E5DD62B1BC7E100C74D10 /* Release */,
			);
			defaultConfigurationIsVisible = 0;
			defaultConfigurationName = Release;
		};
/* End XCConfigurationList section */
	};
	rootObject = B44E5DA22B1BC7DF00C74D10 /* Project object */;
}
